
Microsoft Visual Studio Solution File, Format Version 12.00
# Visual Studio Version 17
VisualStudioVersion = 17.9.34616.47
MinimumVisualStudioVersion = 10.0.40219.1
Project("{9A19103F-16F7-4668-BE54-9A1E7A4F7556}") = "ArkFunds.Host", "src\ArkFunds.Host\ArkFunds.Host.csproj", "{DB9BA249-5E1D-4806-A7F9-BA9F46CC7747}"
EndProject
Project("{9A19103F-16F7-4668-BE54-9A1E7A4F7556}") = "ArkFunds.Reports", "src\ArkFunds.Reports\ArkFunds.Reports.csproj", "{EE4747D1-9A57-4E3A-8036-1BB4E034BAAA}"
EndProject
Project("{9A19103F-16F7-4668-BE54-9A1E7A4F7556}") = "ArkFunds.Emails", "src\ArkFunds.Emails\ArkFunds.Emails.csproj", "{88B28A38-DD19-43FC-8848-AA9A42430044}"
EndProject
Project("{FAE04EC0-301F-11D3-BF4B-00C04F79EFBC}") = "ArkFunds.App.Web", "src\ArkFunds.App.Web\ArkFunds.App.Web.csproj", "{C44F02B3-4806-4898-BA5A-4AA52470F669}"
EndProject
Project("{FAE04EC0-301F-11D3-BF4B-00C04F79EFBC}") = "ArkFunds.Users", "src\ArkFunds.Users\ArkFunds.Users.csproj", "{BB850608-90FF-4BB5-A726-2FF31F7F6C81}"
EndProject
Global
	GlobalSection(SolutionConfigurationPlatforms) = preSolution
		Debug|Any CPU = Debug|Any CPU
		Release|Any CPU = Release|Any CPU
	EndGlobalSection
	GlobalSection(ProjectConfigurationPlatforms) = postSolution
		{DB9BA249-5E1D-4806-A7F9-BA9F46CC7747}.Debug|Any CPU.ActiveCfg = Debug|Any CPU
		{DB9BA249-5E1D-4806-A7F9-BA9F46CC7747}.Debug|Any CPU.Build.0 = Debug|Any CPU
		{DB9BA249-5E1D-4806-A7F9-BA9F46CC7747}.Release|Any CPU.ActiveCfg = Release|Any CPU
		{DB9BA249-5E1D-4806-A7F9-BA9F46CC7747}.Release|Any CPU.Build.0 = Release|Any CPU
		{EE4747D1-9A57-4E3A-8036-1BB4E034BAAA}.Debug|Any CPU.ActiveCfg = Debug|Any CPU
		{EE4747D1-9A57-4E3A-8036-1BB4E034BAAA}.Debug|Any CPU.Build.0 = Debug|Any CPU
		{EE4747D1-9A57-4E3A-8036-1BB4E034BAAA}.Release|Any CPU.ActiveCfg = Release|Any CPU
		{EE4747D1-9A57-4E3A-8036-1BB4E034BAAA}.Release|Any CPU.Build.0 = Release|Any CPU
		{C44F02B3-4806-4898-BA5A-4AA52470F669}.Debug|Any CPU.ActiveCfg = Debug|Any CPU
		{C44F02B3-4806-4898-BA5A-4AA52470F669}.Debug|Any CPU.Build.0 = Debug|Any CPU
		{C44F02B3-4806-4898-BA5A-4AA52470F669}.Release|Any CPU.ActiveCfg = Release|Any CPU
		{C44F02B3-4806-4898-BA5A-4AA52470F669}.Release|Any CPU.Build.0 = Release|Any CPU
		{88B28A38-DD19-43FC-8848-AA9A42430044}.Debug|Any CPU.ActiveCfg = Debug|Any CPU
		{88B28A38-DD19-43FC-8848-AA9A42430044}.Debug|Any CPU.Build.0 = Debug|Any CPU
		{88B28A38-DD19-43FC-8848-AA9A42430044}.Release|Any CPU.ActiveCfg = Release|Any CPU
		{88B28A38-DD19-43FC-8848-AA9A42430044}.Release|Any CPU.Build.0 = Release|Any CPU
		{BB850608-90FF-4BB5-A726-2FF31F7F6C81}.Debug|Any CPU.ActiveCfg = Debug|Any CPU
		{BB850608-90FF-4BB5-A726-2FF31F7F6C81}.Debug|Any CPU.Build.0 = Debug|Any CPU
		{BB850608-90FF-4BB5-A726-2FF31F7F6C81}.Release|Any CPU.ActiveCfg = Release|Any CPU
		{BB850608-90FF-4BB5-A726-2FF31F7F6C81}.Release|Any CPU.Build.0 = Release|Any CPU
		{88B28A38-DD19-43FC-8848-AA9A42430044}.Debug|Any CPU.ActiveCfg = Debug|Any CPU
		{88B28A38-DD19-43FC-8848-AA9A42430044}.Debug|Any CPU.Build.0 = Debug|Any CPU
		{88B28A38-DD19-43FC-8848-AA9A42430044}.Release|Any CPU.ActiveCfg = Release|Any CPU
		{88B28A38-DD19-43FC-8848-AA9A42430044}.Release|Any CPU.Build.0 = Release|Any CPU
	EndGlobalSection
	GlobalSection(SolutionProperties) = preSolution
		HideSolutionNode = FALSE
	EndGlobalSection
	GlobalSection(ExtensibilityGlobals) = postSolution
		SolutionGuid = {E358C952-7A9F-4C56-98E6-51622248EAA5}
	EndGlobalSection
EndGlobal
